// !$*UTF8*$!
{
	archiveVersion = 1;
	classes = {
	};
	objectVersion = 46;
	objects = {

/* Begin PBXBuildFile section */
		8DCB19051F38FA790063577B /* AppDelegate.swift in Sources */ = {isa = PBXBuildFile; fileRef = 8DCB19041F38FA790063577B /* AppDelegate.swift */; };
		8DCB19071F38FA790063577B /* ViewController.swift in Sources */ = {isa = PBXBuildFile; fileRef = 8DCB19061F38FA790063577B /* ViewController.swift */; };
		8DCB190A1F38FA790063577B /* Main.storyboard in Resources */ = {isa = PBXBuildFile; fileRef = 8DCB19081F38FA790063577B /* Main.storyboard */; };
		8DCB190C1F38FA790063577B /* Assets.xcassets in Resources */ = {isa = PBXBuildFile; fileRef = 8DCB190B1F38FA790063577B /* Assets.xcassets */; };
		8DCB190F1F38FA790063577B /* LaunchScreen.storyboard in Resources */ = {isa = PBXBuildFile; fileRef = 8DCB190D1F38FA790063577B /* LaunchScreen.storyboard */; };
		8DCB19181F38FAB00063577B /* GraphViewController.swift in Sources */ = {isa = PBXBuildFile; fileRef = 8DCB19161F38FAB00063577B /* GraphViewController.swift */; };
		8DCB19191F38FAB00063577B /* GraphView.swift in Sources */ = {isa = PBXBuildFile; fileRef = 8DCB19171F38FAB00063577B /* GraphView.swift */; };
		8DCB191B1F38FD160063577B /* AxesDrawer.swift in Sources */ = {isa = PBXBuildFile; fileRef = 8DCB191A1F38FD160063577B /* AxesDrawer.swift */; };
		8DCB191D1F38FE2C0063577B /* CalcViewController.swift in Sources */ = {isa = PBXBuildFile; fileRef = 8DCB191C1F38FE2C0063577B /* CalcViewController.swift */; };
		8DCB191F1F38FE350063577B /* CalculatorBrain.swift in Sources */ = {isa = PBXBuildFile; fileRef = 8DCB191E1F38FE350063577B /* CalculatorBrain.swift */; };
/* End PBXBuildFile section */

/* Begin PBXFileReference section */
		8DCB19011F38FA790063577B /* GraphingCalculator.app */ = {isa = PBXFileReference; explicitFileType = wrapper.application; includeInIndex = 0; path = GraphingCalculator.app; sourceTree = BUILT_PRODUCTS_DIR; };
		8DCB19041F38FA790063577B /* AppDelegate.swift */ = {isa = PBXFileReference; lastKnownFileType = sourcecode.swift; path = AppDelegate.swift; sourceTree = "<group>"; };
		8DCB19061F38FA790063577B /* ViewController.swift */ = {isa = PBXFileReference; lastKnownFileType = sourcecode.swift; path = ViewController.swift; sourceTree = "<group>"; };
		8DCB19091F38FA790063577B /* Base */ = {isa = PBXFileReference; lastKnownFileType = file.storyboard; name = Base; path = Base.lproj/Main.storyboard; sourceTree = "<group>"; };
		8DCB190B1F38FA790063577B /* Assets.xcassets */ = {isa = PBXFileReference; lastKnownFileType = folder.assetcatalog; path = Assets.xcassets; sourceTree = "<group>"; };
		8DCB190E1F38FA790063577B /* Base */ = {isa = PBXFileReference; lastKnownFileType = file.storyboard; name = Base; path = Base.lproj/LaunchScreen.storyboard; sourceTree = "<group>"; };
		8DCB19101F38FA790063577B /* Info.plist */ = {isa = PBXFileReference; lastKnownFileType = text.plist.xml; path = Info.plist; sourceTree = "<group>"; };
		8DCB19161F38FAB00063577B /* GraphViewController.swift */ = {isa = PBXFileReference; fileEncoding = 4; lastKnownFileType = sourcecode.swift; path = GraphViewController.swift; sourceTree = "<group>"; };
		8DCB19171F38FAB00063577B /* GraphView.swift */ = {isa = PBXFileReference; fileEncoding = 4; lastKnownFileType = sourcecode.swift; path = GraphView.swift; sourceTree = "<group>"; };
		8DCB191A1F38FD160063577B /* AxesDrawer.swift */ = {isa = PBXFileReference; fileEncoding = 4; lastKnownFileType = sourcecode.swift; path = AxesDrawer.swift; sourceTree = "<group>"; };
		8DCB191C1F38FE2C0063577B /* CalcViewController.swift */ = {isa = PBXFileReference; fileEncoding = 4; lastKnownFileType = sourcecode.swift; path = CalcViewController.swift; sourceTree = "<group>"; };
		8DCB191E1F38FE350063577B /* CalculatorBrain.swift */ = {isa = PBXFileReference; fileEncoding = 4; lastKnownFileType = sourcecode.swift; path = CalculatorBrain.swift; sourceTree = "<group>"; };
/* End PBXFileReference section */

/* Begin PBXFrameworksBuildPhase section */
		8DCB18FE1F38FA790063577B /* Frameworks */ = {
			isa = PBXFrameworksBuildPhase;
			buildActionMask = 2147483647;
			files = (
			);
			runOnlyForDeploymentPostprocessing = 0;
		};
/* End PBXFrameworksBuildPhase section */

/* Begin PBXGroup section */
		8DCB18F81F38FA780063577B = {
			isa = PBXGroup;
			children = (
				8DCB19031F38FA790063577B /* GraphingCalculator */,
				8DCB19021F38FA790063577B /* Products */,
			);
			sourceTree = "<group>";
		};
		8DCB19021F38FA790063577B /* Products */ = {
			isa = PBXGroup;
			children = (
				8DCB19011F38FA790063577B /* GraphingCalculator.app */,
			);
			name = Products;
			sourceTree = "<group>";
		};
		8DCB19031F38FA790063577B /* GraphingCalculator */ = {
			isa = PBXGroup;
			children = (
				8DCB19041F38FA790063577B /* AppDelegate.swift */,
				8DCB19061F38FA790063577B /* ViewController.swift */,
				8DCB19081F38FA790063577B /* Main.storyboard */,
				8DCB191C1F38FE2C0063577B /* CalcViewController.swift */,
				8DCB191E1F38FE350063577B /* CalculatorBrain.swift */,
				8DCB19161F38FAB00063577B /* GraphViewController.swift */,
				8DCB19171F38FAB00063577B /* GraphView.swift */,
				8DCB191A1F38FD160063577B /* AxesDrawer.swift */,
				8DCB190B1F38FA790063577B /* Assets.xcassets */,
				8DCB190D1F38FA790063577B /* LaunchScreen.storyboard */,
				8DCB19101F38FA790063577B /* Info.plist */,
			);
			path = GraphingCalculator;
			sourceTree = "<group>";
		};
/* End PBXGroup section */

/* Begin PBXNativeTarget section */
		8DCB19001F38FA790063577B /* GraphingCalculator */ = {
			isa = PBXNativeTarget;
			buildConfigurationList = 8DCB19131F38FA790063577B /* Build configuration list for PBXNativeTarget "GraphingCalculator" */;
			buildPhases = (
				8DCB18FD1F38FA790063577B /* Sources */,
				8DCB18FE1F38FA790063577B /* Frameworks */,
				8DCB18FF1F38FA790063577B /* Resources */,
			);
			buildRules = (
			);
			dependencies = (
			);
			name = GraphingCalculator;
			productName = GraphingCalculator;
			productReference = 8DCB19011F38FA790063577B /* GraphingCalculator.app */;
			productType = "com.apple.product-type.application";
		};
/* End PBXNativeTarget section */

/* Begin PBXProject section */
		8DCB18F91F38FA780063577B /* Project object */ = {
			isa = PBXProject;
			attributes = {
				LastSwiftUpdateCheck = 0830;
				LastUpgradeCheck = 0830;
				ORGANIZATIONNAME = JTBURGESS;
				TargetAttributes = {
					8DCB19001F38FA790063577B = {
						CreatedOnToolsVersion = 8.3.3;
						ProvisioningStyle = Automatic;
					};
				};
			};
			buildConfigurationList = 8DCB18FC1F38FA780063577B /* Build configuration list for PBXProject "GraphingCalculator" */;
			compatibilityVersion = "Xcode 3.2";
			developmentRegion = English;
			hasScannedForEncodings = 0;
			knownRegions = (
				en,
				Base,
			);
			mainGroup = 8DCB18F81F38FA780063577B;
			productRefGroup = 8DCB19021F38FA790063577B /* Products */;
			projectDirPath = "";
			projectRoot = "";
			targets = (
				8DCB19001F38FA790063577B /* GraphingCalculator */,
			);
		};
/* End PBXProject section */

/* Begin PBXResourcesBuildPhase section */
		8DCB18FF1F38FA790063577B /* Resources */ = {
			isa = PBXResourcesBuildPhase;
			buildActionMask = 2147483647;
			files = (
				8DCB190F1F38FA790063577B /* LaunchScreen.storyboard in Resources */,
				8DCB190C1F38FA790063577B /* Assets.xcassets in Resources */,
				8DCB190A1F38FA790063577B /* Main.storyboard in Resources */,
			);
			runOnlyForDeploymentPostprocessing = 0;
		};
/* End PBXResourcesBuildPhase section */

/* Begin PBXSourcesBuildPhase section */
		8DCB18FD1F38FA790063577B /* Sources */ = {
			isa = PBXSourcesBuildPhase;
			buildActionMask = 2147483647;
			files = (
				8DCB191F1F38FE350063577B /* CalculatorBrain.swift in Sources */,
				8DCB19181F38FAB00063577B /* GraphViewController.swift in Sources */,
				8DCB191D1F38FE2C0063577B /* CalcViewController.swift in Sources */,
				8DCB19071F38FA790063577B /* ViewController.swift in Sources */,
				8DCB191B1F38FD160063577B /* AxesDrawer.swift in Sources */,
				8DCB19051F38FA790063577B /* AppDelegate.swift in Sources */,
				8DCB19191F38FAB00063577B /* GraphView.swift in Sources */,
			);
			runOnlyForDeploymentPostprocessing = 0;
		};
/* End PBXSourcesBuildPhase section */

/* Begin PBXVariantGroup section */
		8DCB19081F38FA790063577B /* Main.storyboard */ = {
			isa = PBXVariantGroup;
			children = (
				8DCB19091F38FA790063577B /* Base */,
			);
			name = Main.storyboard;
			sourceTree = "<group>";
		};
		8DCB190D1F38FA790063577B /* LaunchScreen.storyboard */ = {
			isa = PBXVariantGroup;
			children = (
				8DCB190E1F38FA790063577B /* Base */,
			);
			name = LaunchScreen.storyboard;
			sourceTree = "<group>";
		};
/* End PBXVariantGroup section */

/* Begin XCBuildConfiguration section */
		8DCB19111F38FA790063577B /* Debug */ = {
			isa = XCBuildConfiguration;
			buildSettings = {
				ALWAYS_SEARCH_USER_PATHS = NO;
				CLANG_ANALYZER_NONNULL = YES;
				CLANG_ANALYZER_NUMBER_OBJECT_CONVERSION = YES_AGGRESSIVE;
				CLANG_CXX_LANGUAGE_STANDARD = "gnu++0x";
				CLANG_CXX_LIBRARY = "libc++";
				CLANG_ENABLE_MODULES = YES;
				CLANG_ENABLE_OBJC_ARC = YES;
				CLANG_WARN_BOOL_CONVERSION = YES;
				CLANG_WARN_CONSTANT_CONVERSION = YES;
				CLANG_WARN_DIRECT_OBJC_ISA_USAGE = YES_ERROR;
				CLANG_WARN_DOCUMENTATION_COMMENTS = YES;
				CLANG_WARN_EMPTY_BODY = YES;
				CLANG_WARN_ENUM_CONVERSION = YES;
				CLANG_WARN_INFINITE_RECURSION = YES;
				CLANG_WARN_INT_CONVERSION = YES;
				CLANG_WARN_OBJC_ROOT_CLASS = YES_ERROR;
				CLANG_WARN_SUSPICIOUS_MOVE = YES;
				CLANG_WARN_UNREACHABLE_CODE = YES;
				CLANG_WARN__DUPLICATE_METHOD_MATCH = YES;
				"CODE_SIGN_IDENTITY[sdk=iphoneos*]" = "iPhone Developer";
				COPY_PHASE_STRIP = NO;
				DEBUG_INFORMATION_FORMAT = dwarf;
				ENABLE_STRICT_OBJC_MSGSEND = YES;
				ENABLE_TESTABILITY = YES;
				GCC_C_LANGUAGE_STANDARD = gnu99;
				GCC_DYNAMIC_NO_PIC = NO;
				GCC_NO_COMMON_BLOCKS = YES;
				GCC_OPTIMIZATION_LEVEL = 0;
				GCC_PREPROCESSOR_DEFINITIONS = (
					"DEBUG=1",
					"$(inherited)",
				);
				GCC_WARN_64_TO_32_BIT_CONVERSION = YES;
				GCC_WARN_ABOUT_RETURN_TYPE = YES_ERROR;
				GCC_WARN_UNDECLARED_SELECTOR = YES;
				GCC_WARN_UNINITIALIZED_AUTOS = YES_AGGRESSIVE;
				GCC_WARN_UNUSED_FUNCTION = YES;
				GCC_WARN_UNUSED_VARIABLE = YES;
				IPHONEOS_DEPLOYMENT_TARGET = 10.3;
				MTL_ENABLE_DEBUG_INFO = YES;
				ONLY_ACTIVE_ARCH = YES;
				SDKROOT = iphoneos;
				SWIFT_ACTIVE_COMPILATION_CONDITIONS = DEBUG;
				SWIFT_OPTIMIZATION_LEVEL = "-Onone";
				TARGETED_DEVICE_FAMILY = "1,2";
			};
			name = Debug;
		};
		8DCB19121F38FA790063577B /* Release */ = {
			isa = XCBuildConfiguration;
			buildSettings = {
				ALWAYS_SEARCH_USER_PATHS = NO;
				CLANG_ANALYZER_NONNULL = YES;
				CLANG_ANALYZER_NUMBER_OBJECT_CONVERSION = YES_AGGRESSIVE;
				CLANG_CXX_LANGUAGE_STANDARD = "gnu++0x";
				CLANG_CXX_LIBRARY = "libc++";
				CLANG_ENABLE_MODULES = YES;
				CLANG_ENABLE_OBJC_ARC = YES;
				CLANG_WARN_BOOL_CONVERSION = YES;
				CLANG_WARN_CONSTANT_CONVERSION = YES;
				CLANG_WARN_DIRECT_OBJC_ISA_USAGE = YES_ERROR;
				CLANG_WARN_DOCUMENTATION_COMMENTS = YES;
				CLANG_WARN_EMPTY_BODY = YES;
				CLANG_WARN_ENUM_CONVERSION = YES;
				CLANG_WARN_INFINITE_RECURSION = YES;
				CLANG_WARN_INT_CONVERSION = YES;
				CLANG_WARN_OBJC_ROOT_CLASS = YES_ERROR;
				CLANG_WARN_SUSPICIOUS_MOVE = YES;
				CLANG_WARN_UNREACHABLE_CODE = YES;
				CLANG_WARN__DUPLICATE_METHOD_MATCH = YES;
				"CODE_SIGN_IDENTITY[sdk=iphoneos*]" = "iPhone Developer";
				COPY_PHASE_STRIP = NO;
				DEBUG_INFORMATION_FORMAT = "dwarf-with-dsym";
				ENABLE_NS_ASSERTIONS = NO;
				ENABLE_STRICT_OBJC_MSGSEND = YES;
				GCC_C_LANGUAGE_STANDARD = gnu99;
				GCC_NO_COMMON_BLOCKS = YES;
				GCC_WARN_64_TO_32_BIT_CONVERSION = YES;
				GCC_WARN_ABOUT_RETURN_TYPE = YES_ERROR;
				GCC_WARN_UNDECLARED_SELECTOR = YES;
				GCC_WARN_UNINITIALIZED_AUTOS = YES_AGGRESSIVE;
				GCC_WARN_UNUSED_FUNCTION = YES;
				GCC_WARN_UNUSED_VARIABLE = YES;
				IPHONEOS_DEPLOYMENT_TARGET = 10.3;
				MTL_ENABLE_DEBUG_INFO = NO;
				SDKROOT = iphoneos;
				SWIFT_OPTIMIZATION_LEVEL = "-Owholemodule";
				TARGETED_DEVICE_FAMILY = "1,2";
				VALIDATE_PRODUCT = YES;
			};
			name = Release;
		};
		8DCB19141F38FA790063577B /* Debug */ = {
			isa = XCBuildConfiguration;
			buildSettings = {
				ASSETCATALOG_COMPILER_APPICON_NAME = AppIcon;
				INFOPLIST_FILE = GraphingCalculator/Info.plist;
				LD_RUNPATH_SEARCH_PATHS = "$(inherited) @executable_path/Frameworks";
				PRODUCT_BUNDLE_IDENTIFIER = "org.burgess-john.GraphingCalculator";
				PRODUCT_NAME = "$(TARGET_NAME)";
				SWIFT_VERSION = 3.0;
			};
			name = Debug;
		};
		8DCB19151F38FA790063577B /* Release */ = {
			isa = XCBuildConfiguration;
			buildSettings = {
				ASSETCATALOG_COMPILER_APPICON_NAME = AppIcon;
				INFOPLIST_FILE = GraphingCalculator/Info.plist;
				LD_RUNPATH_SEARCH_PATHS = "$(inherited) @executable_path/Frameworks";
				PRODUCT_BUNDLE_IDENTIFIER = "org.burgess-john.GraphingCalculator";
				PRODUCT_NAME = "$(TARGET_NAME)";
				SWIFT_VERSION = 3.0;
			};
			name = Release;
		};
/* End XCBuildConfiguration section */

/* Begin XCConfigurationList section */
		8DCB18FC1F38FA780063577B /* Build configuration list for PBXProject "GraphingCalculator" */ = {
			isa = XCConfigurationList;
			buildConfigurations = (
				8DCB19111F38FA790063577B /* Debug */,
				8DCB19121F38FA790063577B /* Release */,
			);
			defaultConfigurationIsVisible = 0;
			defaultConfigurationName = Release;
		};
		8DCB19131F38FA790063577B /* Build configuration list for PBXNativeTarget "GraphingCalculator" */ = {
			isa = XCConfigurationList;
			buildConfigurations = (
				8DCB19141F38FA790063577B /* Debug */,
				8DCB19151F38FA790063577B /* Release */,
			);
			defaultConfigurationIsVisible = 0;
		};
/* End XCConfigurationList section */
	};
	rootObject = 8DCB18F91F38FA780063577B /* Project object */;
}
