// !$*UTF8*$!
{
	archiveVersion = 1;
	classes = {
	};
	objectVersion = 48;
	objects = {

/* Begin PBXBuildFile section */
		8D0766DF1FE591BD004D03B1 /* Vehicle+CoreDataClass.swift in Sources */ = {isa = PBXBuildFile; fileRef = 8D0766DD1FE591BD004D03B1 /* Vehicle+CoreDataClass.swift */; };
		8D0766E01FE591BD004D03B1 /* Vehicle+CoreDataProperties.swift in Sources */ = {isa = PBXBuildFile; fileRef = 8D0766DE1FE591BD004D03B1 /* Vehicle+CoreDataProperties.swift */; };
		8D0766E21FE595A2004D03B1 /* TabBarDefaultsViewController.swift in Sources */ = {isa = PBXBuildFile; fileRef = 8D0766E11FE595A2004D03B1 /* TabBarDefaultsViewController.swift */; };
		8D15C046201B8DD100DACB8D /* DatePickerDialog.swift in Sources */ = {isa = PBXBuildFile; fileRef = 8D15C045201B8DD100DACB8D /* DatePickerDialog.swift */; };
		8D1F99091FFAEF140092151B /* SharingViewController.swift in Sources */ = {isa = PBXBuildFile; fileRef = 8D1F99081FFAEF140092151B /* SharingViewController.swift */; };
		8D4D371620438127007653D1 /* extensions.swift in Sources */ = {isa = PBXBuildFile; fileRef = 8D4D371520438127007653D1 /* extensions.swift */; };
		8D6305CA1FA393A9006DAC7F /* EnterFuelPurchaseViewController.swift in Sources */ = {isa = PBXBuildFile; fileRef = 8D6305C91FA393A9006DAC7F /* EnterFuelPurchaseViewController.swift */; };
		8D8B6DB31FA26CEB00182208 /* GasEntryCellTableViewCell.swift in Sources */ = {isa = PBXBuildFile; fileRef = 8D8B6DB21FA26CEB00182208 /* GasEntryCellTableViewCell.swift */; };
		8DAC52FF2030D714009EE456 /* FuelTypePickerDialog.swift in Sources */ = {isa = PBXBuildFile; fileRef = 8DAC52FE2030D714009EE456 /* FuelTypePickerDialog.swift */; };
		8DB5D0331FA6492B0084D519 /* gasEntryDB.xcdatamodeld in Sources */ = {isa = PBXBuildFile; fileRef = 8DB5D0311FA6492B0084D519 /* gasEntryDB.xcdatamodeld */; };
		8DCFB64320081B8F002BE428 /* sendMailViewController.swift in Sources */ = {isa = PBXBuildFile; fileRef = 8DCFB64220081B8F002BE428 /* sendMailViewController.swift */; };
		8DCFB64520084047002BE428 /* FuelTypePickerView.swift in Sources */ = {isa = PBXBuildFile; fileRef = 8DCFB64420084047002BE428 /* FuelTypePickerView.swift */; };
		8DE2D0851F9D23EF00921302 /* AppDelegate.swift in Sources */ = {isa = PBXBuildFile; fileRef = 8DE2D0841F9D23EF00921302 /* AppDelegate.swift */; };
		8DE2D08A1F9D23EF00921302 /* Main.storyboard in Resources */ = {isa = PBXBuildFile; fileRef = 8DE2D0881F9D23EF00921302 /* Main.storyboard */; };
		8DE2D08C1F9D23EF00921302 /* Assets.xcassets in Resources */ = {isa = PBXBuildFile; fileRef = 8DE2D08B1F9D23EF00921302 /* Assets.xcassets */; };
		8DE2D08F1F9D23EF00921302 /* LaunchScreen.storyboard in Resources */ = {isa = PBXBuildFile; fileRef = 8DE2D08D1F9D23EF00921302 /* LaunchScreen.storyboard */; };
		8DE2D09A1F9D23F000921302 /* EnterGasTests.swift in Sources */ = {isa = PBXBuildFile; fileRef = 8DE2D0991F9D23F000921302 /* EnterGasTests.swift */; };
		8DE2D0A51F9D23F000921302 /* EnterGasUITests.swift in Sources */ = {isa = PBXBuildFile; fileRef = 8DE2D0A41F9D23F000921302 /* EnterGasUITests.swift */; };
		8DE2D0B51F9D280100921302 /* GasListTableViewController.swift in Sources */ = {isa = PBXBuildFile; fileRef = 8DE2D0B41F9D280100921302 /* GasListTableViewController.swift */; };
		8DE640011FBE0B0100B0A166 /* GasTitleCellTableViewCell.swift in Sources */ = {isa = PBXBuildFile; fileRef = 8DE640001FBE0B0100B0A166 /* GasTitleCellTableViewCell.swift */; };
		8DED1C0D1FB607DD009943CB /* Brand+CoreDataClass.swift in Sources */ = {isa = PBXBuildFile; fileRef = 8DED1C091FB607DD009943CB /* Brand+CoreDataClass.swift */; };
		8DED1C0E1FB607DD009943CB /* Brand+CoreDataProperties.swift in Sources */ = {isa = PBXBuildFile; fileRef = 8DED1C0A1FB607DD009943CB /* Brand+CoreDataProperties.swift */; };
		8DED1C0F1FB607DD009943CB /* GasEntry+CoreDataClass.swift in Sources */ = {isa = PBXBuildFile; fileRef = 8DED1C0B1FB607DD009943CB /* GasEntry+CoreDataClass.swift */; };
		8DED1C101FB607DD009943CB /* GasEntry+CoreDataProperties.swift in Sources */ = {isa = PBXBuildFile; fileRef = 8DED1C0C1FB607DD009943CB /* GasEntry+CoreDataProperties.swift */; };
/* End PBXBuildFile section */

/* Begin PBXContainerItemProxy section */
		8DE2D0961F9D23F000921302 /* PBXContainerItemProxy */ = {
			isa = PBXContainerItemProxy;
			containerPortal = 8DE2D0791F9D23EF00921302 /* Project object */;
			proxyType = 1;
			remoteGlobalIDString = 8DE2D0801F9D23EF00921302;
			remoteInfo = EnterGas;
		};
		8DE2D0A11F9D23F000921302 /* PBXContainerItemProxy */ = {
			isa = PBXContainerItemProxy;
			containerPortal = 8DE2D0791F9D23EF00921302 /* Project object */;
			proxyType = 1;
			remoteGlobalIDString = 8DE2D0801F9D23EF00921302;
			remoteInfo = EnterGas;
		};
/* End PBXContainerItemProxy section */

/* Begin PBXFileReference section */
		8D0766DD1FE591BD004D03B1 /* Vehicle+CoreDataClass.swift */ = {isa = PBXFileReference; lastKnownFileType = sourcecode.swift; name = "Vehicle+CoreDataClass.swift"; path = "/Users/jburgess/IOS Apps/Stanford-CS193P-IOS10-swift/EnterGas/CoreData/Vehicle+CoreDataClass.swift"; sourceTree = "<absolute>"; };
		8D0766DE1FE591BD004D03B1 /* Vehicle+CoreDataProperties.swift */ = {isa = PBXFileReference; lastKnownFileType = sourcecode.swift; name = "Vehicle+CoreDataProperties.swift"; path = "/Users/jburgess/IOS Apps/Stanford-CS193P-IOS10-swift/EnterGas/CoreData/Vehicle+CoreDataProperties.swift"; sourceTree = "<absolute>"; };
		8D0766E11FE595A2004D03B1 /* TabBarDefaultsViewController.swift */ = {isa = PBXFileReference; lastKnownFileType = sourcecode.swift; path = TabBarDefaultsViewController.swift; sourceTree = "<group>"; };
		8D15C045201B8DD100DACB8D /* DatePickerDialog.swift */ = {isa = PBXFileReference; fileEncoding = 4; lastKnownFileType = sourcecode.swift; path = DatePickerDialog.swift; sourceTree = "<group>"; };
		8D1F99081FFAEF140092151B /* SharingViewController.swift */ = {isa = PBXFileReference; lastKnownFileType = sourcecode.swift; path = SharingViewController.swift; sourceTree = "<group>"; };
		8D3543141FD228630092D7E3 /* EnterGas-BridgingHeader.h */ = {isa = PBXFileReference; lastKnownFileType = sourcecode.c.h; path = "EnterGas-BridgingHeader.h"; sourceTree = "<group>"; };
		8D4D371520438127007653D1 /* extensions.swift */ = {isa = PBXFileReference; lastKnownFileType = sourcecode.swift; path = extensions.swift; sourceTree = "<group>"; };
		8D6305C91FA393A9006DAC7F /* EnterFuelPurchaseViewController.swift */ = {isa = PBXFileReference; lastKnownFileType = sourcecode.swift; path = EnterFuelPurchaseViewController.swift; sourceTree = "<group>"; };
		8D8B6DB21FA26CEB00182208 /* GasEntryCellTableViewCell.swift */ = {isa = PBXFileReference; lastKnownFileType = sourcecode.swift; path = GasEntryCellTableViewCell.swift; sourceTree = "<group>"; };
		8DAC52FE2030D714009EE456 /* FuelTypePickerDialog.swift */ = {isa = PBXFileReference; lastKnownFileType = sourcecode.swift; path = FuelTypePickerDialog.swift; sourceTree = "<group>"; };
		8DB5D0321FA6492B0084D519 /* gasEntryDB.xcdatamodel */ = {isa = PBXFileReference; lastKnownFileType = wrapper.xcdatamodel; path = gasEntryDB.xcdatamodel; sourceTree = "<group>"; };
		8DCFB64220081B8F002BE428 /* sendMailViewController.swift */ = {isa = PBXFileReference; lastKnownFileType = sourcecode.swift; path = sendMailViewController.swift; sourceTree = "<group>"; };
		8DCFB64420084047002BE428 /* FuelTypePickerView.swift */ = {isa = PBXFileReference; lastKnownFileType = sourcecode.swift; path = FuelTypePickerView.swift; sourceTree = "<group>"; };
		8DE2D0811F9D23EF00921302 /* EnterGas.app */ = {isa = PBXFileReference; explicitFileType = wrapper.application; includeInIndex = 0; path = EnterGas.app; sourceTree = BUILT_PRODUCTS_DIR; };
		8DE2D0841F9D23EF00921302 /* AppDelegate.swift */ = {isa = PBXFileReference; lastKnownFileType = sourcecode.swift; path = AppDelegate.swift; sourceTree = "<group>"; };
		8DE2D0891F9D23EF00921302 /* Base */ = {isa = PBXFileReference; lastKnownFileType = file.storyboard; name = Base; path = Base.lproj/Main.storyboard; sourceTree = "<group>"; };
		8DE2D08B1F9D23EF00921302 /* Assets.xcassets */ = {isa = PBXFileReference; lastKnownFileType = folder.assetcatalog; path = Assets.xcassets; sourceTree = "<group>"; };
		8DE2D08E1F9D23EF00921302 /* Base */ = {isa = PBXFileReference; lastKnownFileType = file.storyboard; name = Base; path = Base.lproj/LaunchScreen.storyboard; sourceTree = "<group>"; };
		8DE2D0901F9D23EF00921302 /* Info.plist */ = {isa = PBXFileReference; lastKnownFileType = text.plist.xml; path = Info.plist; sourceTree = "<group>"; };
		8DE2D0951F9D23F000921302 /* EnterGasTests.xctest */ = {isa = PBXFileReference; explicitFileType = wrapper.cfbundle; includeInIndex = 0; path = EnterGasTests.xctest; sourceTree = BUILT_PRODUCTS_DIR; };
		8DE2D0991F9D23F000921302 /* EnterGasTests.swift */ = {isa = PBXFileReference; lastKnownFileType = sourcecode.swift; path = EnterGasTests.swift; sourceTree = "<group>"; };
		8DE2D09B1F9D23F000921302 /* Info.plist */ = {isa = PBXFileReference; lastKnownFileType = text.plist.xml; path = Info.plist; sourceTree = "<group>"; };
		8DE2D0A01F9D23F000921302 /* EnterGasUITests.xctest */ = {isa = PBXFileReference; explicitFileType = wrapper.cfbundle; includeInIndex = 0; path = EnterGasUITests.xctest; sourceTree = BUILT_PRODUCTS_DIR; };
		8DE2D0A41F9D23F000921302 /* EnterGasUITests.swift */ = {isa = PBXFileReference; lastKnownFileType = sourcecode.swift; path = EnterGasUITests.swift; sourceTree = "<group>"; };
		8DE2D0A61F9D23F000921302 /* Info.plist */ = {isa = PBXFileReference; lastKnownFileType = text.plist.xml; path = Info.plist; sourceTree = "<group>"; };
		8DE2D0B41F9D280100921302 /* GasListTableViewController.swift */ = {isa = PBXFileReference; lastKnownFileType = sourcecode.swift; path = GasListTableViewController.swift; sourceTree = "<group>"; };
		8DE640001FBE0B0100B0A166 /* GasTitleCellTableViewCell.swift */ = {isa = PBXFileReference; lastKnownFileType = sourcecode.swift; path = GasTitleCellTableViewCell.swift; sourceTree = "<group>"; };
		8DED1C091FB607DD009943CB /* Brand+CoreDataClass.swift */ = {isa = PBXFileReference; lastKnownFileType = sourcecode.swift; path = "Brand+CoreDataClass.swift"; sourceTree = "<group>"; };
		8DED1C0A1FB607DD009943CB /* Brand+CoreDataProperties.swift */ = {isa = PBXFileReference; lastKnownFileType = sourcecode.swift; path = "Brand+CoreDataProperties.swift"; sourceTree = "<group>"; };
		8DED1C0B1FB607DD009943CB /* GasEntry+CoreDataClass.swift */ = {isa = PBXFileReference; lastKnownFileType = sourcecode.swift; path = "GasEntry+CoreDataClass.swift"; sourceTree = "<group>"; };
		8DED1C0C1FB607DD009943CB /* GasEntry+CoreDataProperties.swift */ = {isa = PBXFileReference; lastKnownFileType = sourcecode.swift; path = "GasEntry+CoreDataProperties.swift"; sourceTree = "<group>"; };
/* End PBXFileReference section */

/* Begin PBXFrameworksBuildPhase section */
		8DE2D07E1F9D23EF00921302 /* Frameworks */ = {
			isa = PBXFrameworksBuildPhase;
			buildActionMask = 2147483647;
			files = (
			);
			runOnlyForDeploymentPostprocessing = 0;
		};
		8DE2D0921F9D23F000921302 /* Frameworks */ = {
			isa = PBXFrameworksBuildPhase;
			buildActionMask = 2147483647;
			files = (
			);
			runOnlyForDeploymentPostprocessing = 0;
		};
		8DE2D09D1F9D23F000921302 /* Frameworks */ = {
			isa = PBXFrameworksBuildPhase;
			buildActionMask = 2147483647;
			files = (
			);
			runOnlyForDeploymentPostprocessing = 0;
		};
/* End PBXFrameworksBuildPhase section */

/* Begin PBXGroup section */
		8D9ADC541FAA65CA00714209 /* CoreData */ = {
			isa = PBXGroup;
			children = (
				8DB5D0311FA6492B0084D519 /* gasEntryDB.xcdatamodeld */,
				8DED1C091FB607DD009943CB /* Brand+CoreDataClass.swift */,
				8DED1C0A1FB607DD009943CB /* Brand+CoreDataProperties.swift */,
				8DED1C0B1FB607DD009943CB /* GasEntry+CoreDataClass.swift */,
				8DED1C0C1FB607DD009943CB /* GasEntry+CoreDataProperties.swift */,
				8D0766DD1FE591BD004D03B1 /* Vehicle+CoreDataClass.swift */,
				8D0766DE1FE591BD004D03B1 /* Vehicle+CoreDataProperties.swift */,
			);
			path = CoreData;
			sourceTree = "<group>";
		};
		8DE2D0781F9D23EF00921302 = {
			isa = PBXGroup;
			children = (
				8D9ADC541FAA65CA00714209 /* CoreData */,
				8DE2D0831F9D23EF00921302 /* EnterGas */,
				8DE2D0981F9D23F000921302 /* EnterGasTests */,
				8DE2D0A31F9D23F000921302 /* EnterGasUITests */,
				8DE2D0821F9D23EF00921302 /* Products */,
			);
			sourceTree = "<group>";
		};
		8DE2D0821F9D23EF00921302 /* Products */ = {
			isa = PBXGroup;
			children = (
				8DE2D0811F9D23EF00921302 /* EnterGas.app */,
				8DE2D0951F9D23F000921302 /* EnterGasTests.xctest */,
				8DE2D0A01F9D23F000921302 /* EnterGasUITests.xctest */,
			);
			name = Products;
			sourceTree = "<group>";
		};
		8DE2D0831F9D23EF00921302 /* EnterGas */ = {
			isa = PBXGroup;
			children = (
				8D4D371520438127007653D1 /* extensions.swift */,
				8DE2D0881F9D23EF00921302 /* Main.storyboard */,
				8D15C045201B8DD100DACB8D /* DatePickerDialog.swift */,
				8DCFB64420084047002BE428 /* FuelTypePickerView.swift */,
				8DAC52FE2030D714009EE456 /* FuelTypePickerDialog.swift */,
				8DCFB64220081B8F002BE428 /* sendMailViewController.swift */,
				8D1F99081FFAEF140092151B /* SharingViewController.swift */,
				8D0766E11FE595A2004D03B1 /* TabBarDefaultsViewController.swift */,
				8D6305C91FA393A9006DAC7F /* EnterFuelPurchaseViewController.swift */,
				8D8B6DB21FA26CEB00182208 /* GasEntryCellTableViewCell.swift */,
				8DE640001FBE0B0100B0A166 /* GasTitleCellTableViewCell.swift */,
				8DE2D0B41F9D280100921302 /* GasListTableViewController.swift */,
				8DE2D0B31F9D274E00921302 /* Supporting Files */,
				8D3543141FD228630092D7E3 /* EnterGas-BridgingHeader.h */,
				8DE2D0901F9D23EF00921302 /* Info.plist */,
			);
			path = EnterGas;
			sourceTree = "<group>";
		};
		8DE2D0981F9D23F000921302 /* EnterGasTests */ = {
			isa = PBXGroup;
			children = (
				8DE2D0991F9D23F000921302 /* EnterGasTests.swift */,
				8DE2D09B1F9D23F000921302 /* Info.plist */,
			);
			path = EnterGasTests;
			sourceTree = "<group>";
		};
		8DE2D0A31F9D23F000921302 /* EnterGasUITests */ = {
			isa = PBXGroup;
			children = (
				8DE2D0A41F9D23F000921302 /* EnterGasUITests.swift */,
				8DE2D0A61F9D23F000921302 /* Info.plist */,
			);
			path = EnterGasUITests;
			sourceTree = "<group>";
		};
		8DE2D0B31F9D274E00921302 /* Supporting Files */ = {
			isa = PBXGroup;
			children = (
				8DE2D08B1F9D23EF00921302 /* Assets.xcassets */,
				8DE2D0841F9D23EF00921302 /* AppDelegate.swift */,
				8DE2D08D1F9D23EF00921302 /* LaunchScreen.storyboard */,
			);
			path = "Supporting Files";
			sourceTree = "<group>";
		};
/* End PBXGroup section */

/* Begin PBXNativeTarget section */
		8DE2D0801F9D23EF00921302 /* EnterGas */ = {
			isa = PBXNativeTarget;
			buildConfigurationList = 8DE2D0A91F9D23F000921302 /* Build configuration list for PBXNativeTarget "EnterGas" */;
			buildPhases = (
				8DE2D07D1F9D23EF00921302 /* Sources */,
				8DE2D07E1F9D23EF00921302 /* Frameworks */,
				8DE2D07F1F9D23EF00921302 /* Resources */,
			);
			buildRules = (
			);
			dependencies = (
			);
			name = EnterGas;
			productName = EnterGas;
			productReference = 8DE2D0811F9D23EF00921302 /* EnterGas.app */;
			productType = "com.apple.product-type.application";
		};
		8DE2D0941F9D23F000921302 /* EnterGasTests */ = {
			isa = PBXNativeTarget;
			buildConfigurationList = 8DE2D0AC1F9D23F000921302 /* Build configuration list for PBXNativeTarget "EnterGasTests" */;
			buildPhases = (
				8DE2D0911F9D23F000921302 /* Sources */,
				8DE2D0921F9D23F000921302 /* Frameworks */,
				8DE2D0931F9D23F000921302 /* Resources */,
			);
			buildRules = (
			);
			dependencies = (
				8DE2D0971F9D23F000921302 /* PBXTargetDependency */,
			);
			name = EnterGasTests;
			productName = EnterGasTests;
			productReference = 8DE2D0951F9D23F000921302 /* EnterGasTests.xctest */;
			productType = "com.apple.product-type.bundle.unit-test";
		};
		8DE2D09F1F9D23F000921302 /* EnterGasUITests */ = {
			isa = PBXNativeTarget;
			buildConfigurationList = 8DE2D0AF1F9D23F000921302 /* Build configuration list for PBXNativeTarget "EnterGasUITests" */;
			buildPhases = (
				8DE2D09C1F9D23F000921302 /* Sources */,
				8DE2D09D1F9D23F000921302 /* Frameworks */,
				8DE2D09E1F9D23F000921302 /* Resources */,
			);
			buildRules = (
			);
			dependencies = (
				8DE2D0A21F9D23F000921302 /* PBXTargetDependency */,
			);
			name = EnterGasUITests;
			productName = EnterGasUITests;
			productReference = 8DE2D0A01F9D23F000921302 /* EnterGasUITests.xctest */;
			productType = "com.apple.product-type.bundle.ui-testing";
		};
/* End PBXNativeTarget section */

/* Begin PBXProject section */
		8DE2D0791F9D23EF00921302 /* Project object */ = {
			isa = PBXProject;
			attributes = {
				LastSwiftUpdateCheck = 0900;
				LastUpgradeCheck = 0900;
				ORGANIZATIONNAME = JTBURGESS;
				TargetAttributes = {
					8DE2D0801F9D23EF00921302 = {
						CreatedOnToolsVersion = 9.0;
						ProvisioningStyle = Automatic;
					};
					8DE2D0941F9D23F000921302 = {
						CreatedOnToolsVersion = 9.0;
						ProvisioningStyle = Automatic;
						TestTargetID = 8DE2D0801F9D23EF00921302;
					};
					8DE2D09F1F9D23F000921302 = {
						CreatedOnToolsVersion = 9.0;
						ProvisioningStyle = Automatic;
						TestTargetID = 8DE2D0801F9D23EF00921302;
					};
				};
			};
			buildConfigurationList = 8DE2D07C1F9D23EF00921302 /* Build configuration list for PBXProject "EnterGas" */;
			compatibilityVersion = "Xcode 8.0";
			developmentRegion = en;
			hasScannedForEncodings = 0;
			knownRegions = (
				en,
				Base,
			);
			mainGroup = 8DE2D0781F9D23EF00921302;
			productRefGroup = 8DE2D0821F9D23EF00921302 /* Products */;
			projectDirPath = "";
			projectRoot = "";
			targets = (
				8DE2D0801F9D23EF00921302 /* EnterGas */,
				8DE2D0941F9D23F000921302 /* EnterGasTests */,
				8DE2D09F1F9D23F000921302 /* EnterGasUITests */,
			);
		};
/* End PBXProject section */

/* Begin PBXResourcesBuildPhase section */
		8DE2D07F1F9D23EF00921302 /* Resources */ = {
			isa = PBXResourcesBuildPhase;
			buildActionMask = 2147483647;
			files = (
				8DE2D08F1F9D23EF00921302 /* LaunchScreen.storyboard in Resources */,
				8DE2D08C1F9D23EF00921302 /* Assets.xcassets in Resources */,
				8DE2D08A1F9D23EF00921302 /* Main.storyboard in Resources */,
			);
			runOnlyForDeploymentPostprocessing = 0;
		};
		8DE2D0931F9D23F000921302 /* Resources */ = {
			isa = PBXResourcesBuildPhase;
			buildActionMask = 2147483647;
			files = (
			);
			runOnlyForDeploymentPostprocessing = 0;
		};
		8DE2D09E1F9D23F000921302 /* Resources */ = {
			isa = PBXResourcesBuildPhase;
			buildActionMask = 2147483647;
			files = (
			);
			runOnlyForDeploymentPostprocessing = 0;
		};
/* End PBXResourcesBuildPhase section */

/* Begin PBXSourcesBuildPhase section */
		8DE2D07D1F9D23EF00921302 /* Sources */ = {
			isa = PBXSourcesBuildPhase;
			buildActionMask = 2147483647;
			files = (
				8DED1C101FB607DD009943CB /* GasEntry+CoreDataProperties.swift in Sources */,
				8D1F99091FFAEF140092151B /* SharingViewController.swift in Sources */,
				8DE2D0B51F9D280100921302 /* GasListTableViewController.swift in Sources */,
				8DB5D0331FA6492B0084D519 /* gasEntryDB.xcdatamodeld in Sources */,
				8D0766DF1FE591BD004D03B1 /* Vehicle+CoreDataClass.swift in Sources */,
				8DED1C0E1FB607DD009943CB /* Brand+CoreDataProperties.swift in Sources */,
				8D4D371620438127007653D1 /* extensions.swift in Sources */,
				8D0766E21FE595A2004D03B1 /* TabBarDefaultsViewController.swift in Sources */,
				8DAC52FF2030D714009EE456 /* FuelTypePickerDialog.swift in Sources */,
				8DCFB64520084047002BE428 /* FuelTypePickerView.swift in Sources */,
				8DED1C0F1FB607DD009943CB /* GasEntry+CoreDataClass.swift in Sources */,
				8D8B6DB31FA26CEB00182208 /* GasEntryCellTableViewCell.swift in Sources */,
				8D15C046201B8DD100DACB8D /* DatePickerDialog.swift in Sources */,
				8DCFB64320081B8F002BE428 /* sendMailViewController.swift in Sources */,
				8DED1C0D1FB607DD009943CB /* Brand+CoreDataClass.swift in Sources */,
				8D0766E01FE591BD004D03B1 /* Vehicle+CoreDataProperties.swift in Sources */,
				8DE640011FBE0B0100B0A166 /* GasTitleCellTableViewCell.swift in Sources */,
				8DE2D0851F9D23EF00921302 /* AppDelegate.swift in Sources */,
				8D6305CA1FA393A9006DAC7F /* EnterFuelPurchaseViewController.swift in Sources */,
			);
			runOnlyForDeploymentPostprocessing = 0;
		};
		8DE2D0911F9D23F000921302 /* Sources */ = {
			isa = PBXSourcesBuildPhase;
			buildActionMask = 2147483647;
			files = (
				8DE2D09A1F9D23F000921302 /* EnterGasTests.swift in Sources */,
			);
			runOnlyForDeploymentPostprocessing = 0;
		};
		8DE2D09C1F9D23F000921302 /* Sources */ = {
			isa = PBXSourcesBuildPhase;
			buildActionMask = 2147483647;
			files = (
				8DE2D0A51F9D23F000921302 /* EnterGasUITests.swift in Sources */,
			);
			runOnlyForDeploymentPostprocessing = 0;
		};
/* End PBXSourcesBuildPhase section */

/* Begin PBXTargetDependency section */
		8DE2D0971F9D23F000921302 /* PBXTargetDependency */ = {
			isa = PBXTargetDependency;
			target = 8DE2D0801F9D23EF00921302 /* EnterGas */;
			targetProxy = 8DE2D0961F9D23F000921302 /* PBXContainerItemProxy */;
		};
		8DE2D0A21F9D23F000921302 /* PBXTargetDependency */ = {
			isa = PBXTargetDependency;
			target = 8DE2D0801F9D23EF00921302 /* EnterGas */;
			targetProxy = 8DE2D0A11F9D23F000921302 /* PBXContainerItemProxy */;
		};
/* End PBXTargetDependency section */

/* Begin PBXVariantGroup section */
		8DE2D0881F9D23EF00921302 /* Main.storyboard */ = {
			isa = PBXVariantGroup;
			children = (
				8DE2D0891F9D23EF00921302 /* Base */,
			);
			name = Main.storyboard;
			sourceTree = "<group>";
		};
		8DE2D08D1F9D23EF00921302 /* LaunchScreen.storyboard */ = {
			isa = PBXVariantGroup;
			children = (
				8DE2D08E1F9D23EF00921302 /* Base */,
			);
			name = LaunchScreen.storyboard;
			sourceTree = "<group>";
		};
/* End PBXVariantGroup section */

/* Begin XCBuildConfiguration section */
		8DE2D0A71F9D23F000921302 /* Debug */ = {
			isa = XCBuildConfiguration;
			buildSettings = {
				ALWAYS_SEARCH_USER_PATHS = NO;
				CLANG_ANALYZER_NONNULL = YES;
				CLANG_ANALYZER_NUMBER_OBJECT_CONVERSION = YES_AGGRESSIVE;
				CLANG_CXX_LANGUAGE_STANDARD = "gnu++14";
				CLANG_CXX_LIBRARY = "libc++";
				CLANG_ENABLE_MODULES = YES;
				CLANG_ENABLE_OBJC_ARC = YES;
				CLANG_WARN_BLOCK_CAPTURE_AUTORELEASING = YES;
				CLANG_WARN_BOOL_CONVERSION = YES;
				CLANG_WARN_COMMA = YES;
				CLANG_WARN_CONSTANT_CONVERSION = YES;
				CLANG_WARN_DIRECT_OBJC_ISA_USAGE = YES_ERROR;
				CLANG_WARN_DOCUMENTATION_COMMENTS = YES;
				CLANG_WARN_EMPTY_BODY = YES;
				CLANG_WARN_ENUM_CONVERSION = YES;
				CLANG_WARN_INFINITE_RECURSION = YES;
				CLANG_WARN_INT_CONVERSION = YES;
				CLANG_WARN_NON_LITERAL_NULL_CONVERSION = YES;
				CLANG_WARN_OBJC_LITERAL_CONVERSION = YES;
				CLANG_WARN_OBJC_ROOT_CLASS = YES_ERROR;
				CLANG_WARN_RANGE_LOOP_ANALYSIS = YES;
				CLANG_WARN_STRICT_PROTOTYPES = YES;
				CLANG_WARN_SUSPICIOUS_MOVE = YES;
				CLANG_WARN_UNGUARDED_AVAILABILITY = YES_AGGRESSIVE;
				CLANG_WARN_UNREACHABLE_CODE = YES;
				CLANG_WARN__DUPLICATE_METHOD_MATCH = YES;
				CODE_SIGN_IDENTITY = "iPhone Developer";
				COPY_PHASE_STRIP = NO;
				DEBUG_INFORMATION_FORMAT = dwarf;
				ENABLE_STRICT_OBJC_MSGSEND = YES;
				ENABLE_TESTABILITY = YES;
				GCC_C_LANGUAGE_STANDARD = gnu11;
				GCC_DYNAMIC_NO_PIC = NO;
				GCC_NO_COMMON_BLOCKS = YES;
				GCC_OPTIMIZATION_LEVEL = 0;
				GCC_PREPROCESSOR_DEFINITIONS = (
					"DEBUG=1",
					"$(inherited)",
				);
				GCC_WARN_64_TO_32_BIT_CONVERSION = YES;
				GCC_WARN_ABOUT_RETURN_TYPE = YES_ERROR;
				GCC_WARN_UNDECLARED_SELECTOR = YES;
				GCC_WARN_UNINITIALIZED_AUTOS = YES_AGGRESSIVE;
				GCC_WARN_UNUSED_FUNCTION = YES;
				GCC_WARN_UNUSED_VARIABLE = YES;
				IPHONEOS_DEPLOYMENT_TARGET = 10.0;
				MTL_ENABLE_DEBUG_INFO = YES;
				ONLY_ACTIVE_ARCH = YES;
				SDKROOT = iphoneos;
				SWIFT_ACTIVE_COMPILATION_CONDITIONS = DEBUG;
				SWIFT_OPTIMIZATION_LEVEL = "-Onone";
			};
			name = Debug;
		};
		8DE2D0A81F9D23F000921302 /* Release */ = {
			isa = XCBuildConfiguration;
			buildSettings = {
				ALWAYS_SEARCH_USER_PATHS = NO;
				CLANG_ANALYZER_NONNULL = YES;
				CLANG_ANALYZER_NUMBER_OBJECT_CONVERSION = YES_AGGRESSIVE;
				CLANG_CXX_LANGUAGE_STANDARD = "gnu++14";
				CLANG_CXX_LIBRARY = "libc++";
				CLANG_ENABLE_MODULES = YES;
				CLANG_ENABLE_OBJC_ARC = YES;
				CLANG_WARN_BLOCK_CAPTURE_AUTORELEASING = YES;
				CLANG_WARN_BOOL_CONVERSION = YES;
				CLANG_WARN_COMMA = YES;
				CLANG_WARN_CONSTANT_CONVERSION = YES;
				CLANG_WARN_DIRECT_OBJC_ISA_USAGE = YES_ERROR;
				CLANG_WARN_DOCUMENTATION_COMMENTS = YES;
				CLANG_WARN_EMPTY_BODY = YES;
				CLANG_WARN_ENUM_CONVERSION = YES;
				CLANG_WARN_INFINITE_RECURSION = YES;
				CLANG_WARN_INT_CONVERSION = YES;
				CLANG_WARN_NON_LITERAL_NULL_CONVERSION = YES;
				CLANG_WARN_OBJC_LITERAL_CONVERSION = YES;
				CLANG_WARN_OBJC_ROOT_CLASS = YES_ERROR;
				CLANG_WARN_RANGE_LOOP_ANALYSIS = YES;
				CLANG_WARN_STRICT_PROTOTYPES = YES;
				CLANG_WARN_SUSPICIOUS_MOVE = YES;
				CLANG_WARN_UNGUARDED_AVAILABILITY = YES_AGGRESSIVE;
				CLANG_WARN_UNREACHABLE_CODE = YES;
				CLANG_WARN__DUPLICATE_METHOD_MATCH = YES;
				CODE_SIGN_IDENTITY = "iPhone Developer";
				COPY_PHASE_STRIP = NO;
				DEBUG_INFORMATION_FORMAT = "dwarf-with-dsym";
				ENABLE_NS_ASSERTIONS = NO;
				ENABLE_STRICT_OBJC_MSGSEND = YES;
				GCC_C_LANGUAGE_STANDARD = gnu11;
				GCC_NO_COMMON_BLOCKS = YES;
				GCC_WARN_64_TO_32_BIT_CONVERSION = YES;
				GCC_WARN_ABOUT_RETURN_TYPE = YES_ERROR;
				GCC_WARN_UNDECLARED_SELECTOR = YES;
				GCC_WARN_UNINITIALIZED_AUTOS = YES_AGGRESSIVE;
				GCC_WARN_UNUSED_FUNCTION = YES;
				GCC_WARN_UNUSED_VARIABLE = YES;
				IPHONEOS_DEPLOYMENT_TARGET = 10.0;
				MTL_ENABLE_DEBUG_INFO = NO;
				SDKROOT = iphoneos;
				SWIFT_OPTIMIZATION_LEVEL = "-Owholemodule";
				VALIDATE_PRODUCT = YES;
			};
			name = Release;
		};
		8DE2D0AA1F9D23F000921302 /* Debug */ = {
			isa = XCBuildConfiguration;
			buildSettings = {
				ASSETCATALOG_COMPILER_APPICON_NAME = AppIcon;
				CODE_SIGN_STYLE = Automatic;
				DEVELOPMENT_TEAM = LAA8RG57M2;
				INFOPLIST_FILE = EnterGas/Info.plist;
				LD_RUNPATH_SEARCH_PATHS = "$(inherited) @executable_path/Frameworks";
				PRODUCT_BUNDLE_IDENTIFIER = "org.burgess-john.EnterGas";
				PRODUCT_NAME = "$(TARGET_NAME)";
				SWIFT_OBJC_BRIDGING_HEADER = "EnterGas/EnterGas-BridgingHeader.h";
				SWIFT_VERSION = 3.0;
				TARGETED_DEVICE_FAMILY = 1;
			};
			name = Debug;
		};
		8DE2D0AB1F9D23F000921302 /* Release */ = {
			isa = XCBuildConfiguration;
			buildSettings = {
				ASSETCATALOG_COMPILER_APPICON_NAME = AppIcon;
				CODE_SIGN_STYLE = Automatic;
				DEVELOPMENT_TEAM = LAA8RG57M2;
				INFOPLIST_FILE = EnterGas/Info.plist;
				LD_RUNPATH_SEARCH_PATHS = "$(inherited) @executable_path/Frameworks";
				PRODUCT_BUNDLE_IDENTIFIER = "org.burgess-john.EnterGas";
				PRODUCT_NAME = "$(TARGET_NAME)";
				SWIFT_OBJC_BRIDGING_HEADER = "EnterGas/EnterGas-BridgingHeader.h";
				SWIFT_VERSION = 3.0;
				TARGETED_DEVICE_FAMILY = 1;
			};
			name = Release;
		};
		8DE2D0AD1F9D23F000921302 /* Debug */ = {
			isa = XCBuildConfiguration;
			buildSettings = {
				ALWAYS_EMBED_SWIFT_STANDARD_LIBRARIES = YES;
				BUNDLE_LOADER = "$(TEST_HOST)";
				CODE_SIGN_STYLE = Automatic;
				INFOPLIST_FILE = EnterGasTests/Info.plist;
				LD_RUNPATH_SEARCH_PATHS = "$(inherited) @executable_path/Frameworks @loader_path/Frameworks";
				PRODUCT_BUNDLE_IDENTIFIER = "org.burgess-john.EnterGasTests";
				PRODUCT_NAME = "$(TARGET_NAME)";
				SWIFT_VERSION = 4.0;
				TARGETED_DEVICE_FAMILY = "1,2";
				TEST_HOST = "$(BUILT_PRODUCTS_DIR)/EnterGas.app/EnterGas";
			};
			name = Debug;
		};
		8DE2D0AE1F9D23F000921302 /* Release */ = {
			isa = XCBuildConfiguration;
			buildSettings = {
				ALWAYS_EMBED_SWIFT_STANDARD_LIBRARIES = YES;
				BUNDLE_LOADER = "$(TEST_HOST)";
				CODE_SIGN_STYLE = Automatic;
				INFOPLIST_FILE = EnterGasTests/Info.plist;
				LD_RUNPATH_SEARCH_PATHS = "$(inherited) @executable_path/Frameworks @loader_path/Frameworks";
				PRODUCT_BUNDLE_IDENTIFIER = "org.burgess-john.EnterGasTests";
				PRODUCT_NAME = "$(TARGET_NAME)";
				SWIFT_VERSION = 4.0;
				TARGETED_DEVICE_FAMILY = "1,2";
				TEST_HOST = "$(BUILT_PRODUCTS_DIR)/EnterGas.app/EnterGas";
			};
			name = Release;
		};
		8DE2D0B01F9D23F000921302 /* Debug */ = {
			isa = XCBuildConfiguration;
			buildSettings = {
				ALWAYS_EMBED_SWIFT_STANDARD_LIBRARIES = YES;
				CODE_SIGN_STYLE = Automatic;
				INFOPLIST_FILE = EnterGasUITests/Info.plist;
				LD_RUNPATH_SEARCH_PATHS = "$(inherited) @executable_path/Frameworks @loader_path/Frameworks";
				PRODUCT_BUNDLE_IDENTIFIER = "org.burgess-john.EnterGasUITests";
				PRODUCT_NAME = "$(TARGET_NAME)";
				SWIFT_VERSION = 4.0;
				TARGETED_DEVICE_FAMILY = "1,2";
				TEST_TARGET_NAME = EnterGas;
			};
			name = Debug;
		};
		8DE2D0B11F9D23F000921302 /* Release */ = {
			isa = XCBuildConfiguration;
			buildSettings = {
				ALWAYS_EMBED_SWIFT_STANDARD_LIBRARIES = YES;
				CODE_SIGN_STYLE = Automatic;
				INFOPLIST_FILE = EnterGasUITests/Info.plist;
				LD_RUNPATH_SEARCH_PATHS = "$(inherited) @executable_path/Frameworks @loader_path/Frameworks";
				PRODUCT_BUNDLE_IDENTIFIER = "org.burgess-john.EnterGasUITests";
				PRODUCT_NAME = "$(TARGET_NAME)";
				SWIFT_VERSION = 4.0;
				TARGETED_DEVICE_FAMILY = "1,2";
				TEST_TARGET_NAME = EnterGas;
			};
			name = Release;
		};
/* End XCBuildConfiguration section */

/* Begin XCConfigurationList section */
		8DE2D07C1F9D23EF00921302 /* Build configuration list for PBXProject "EnterGas" */ = {
			isa = XCConfigurationList;
			buildConfigurations = (
				8DE2D0A71F9D23F000921302 /* Debug */,
				8DE2D0A81F9D23F000921302 /* Release */,
			);
			defaultConfigurationIsVisible = 0;
			defaultConfigurationName = Release;
		};
		8DE2D0A91F9D23F000921302 /* Build configuration list for PBXNativeTarget "EnterGas" */ = {
			isa = XCConfigurationList;
			buildConfigurations = (
				8DE2D0AA1F9D23F000921302 /* Debug */,
				8DE2D0AB1F9D23F000921302 /* Release */,
			);
			defaultConfigurationIsVisible = 0;
			defaultConfigurationName = Release;
		};
		8DE2D0AC1F9D23F000921302 /* Build configuration list for PBXNativeTarget "EnterGasTests" */ = {
			isa = XCConfigurationList;
			buildConfigurations = (
				8DE2D0AD1F9D23F000921302 /* Debug */,
				8DE2D0AE1F9D23F000921302 /* Release */,
			);
			defaultConfigurationIsVisible = 0;
			defaultConfigurationName = Release;
		};
		8DE2D0AF1F9D23F000921302 /* Build configuration list for PBXNativeTarget "EnterGasUITests" */ = {
			isa = XCConfigurationList;
			buildConfigurations = (
				8DE2D0B01F9D23F000921302 /* Debug */,
				8DE2D0B11F9D23F000921302 /* Release */,
			);
			defaultConfigurationIsVisible = 0;
			defaultConfigurationName = Release;
		};
/* End XCConfigurationList section */

/* Begin XCVersionGroup section */
		8DB5D0311FA6492B0084D519 /* gasEntryDB.xcdatamodeld */ = {
			isa = XCVersionGroup;
			children = (
				8DB5D0321FA6492B0084D519 /* gasEntryDB.xcdatamodel */,
			);
			currentVersion = 8DB5D0321FA6492B0084D519 /* gasEntryDB.xcdatamodel */;
			path = gasEntryDB.xcdatamodeld;
			sourceTree = "<group>";
			versionGroupType = wrapper.xcdatamodel;
		};
/* End XCVersionGroup section */
	};
	rootObject = 8DE2D0791F9D23EF00921302 /* Project object */;
}
